
Microsoft Visual Studio Solution File, Format Version 12.00
# Visual Studio Version 17
VisualStudioVersion = 17.5.33530.505
MinimumVisualStudioVersion = 10.0.40219.1
Project("{FAE04EC0-301F-11D3-BF4B-00C04F79EFBC}") = "VERİ_TABANLİ_PARTİ_SEÇİM_GRAFİK", "VERİ_TABANLİ_PARTİ_SEÇİM_GRAFİK\VERİ_TABANLİ_PARTİ_SEÇİM_GRAFİK.csproj", "{F4B8C858-C30C-492E-9639-1A92AC6323FD}"
EndProject
Global
	GlobalSection(SolutionConfigurationPlatforms) = preSolution
		Debug|Any CPU = Debug|Any CPU
		Release|Any CPU = Release|Any CPU
	EndGlobalSection
	GlobalSection(ProjectConfigurationPlatforms) = postSolution
		{F4B8C858-C30C-492E-9639-1A92AC6323FD}.Debug|Any CPU.ActiveCfg = Debug|Any CPU
		{F4B8C858-C30C-492E-9639-1A92AC6323FD}.Debug|Any CPU.Build.0 = Debug|Any CPU
		{F4B8C858-C30C-492E-9639-1A92AC6323FD}.Release|Any CPU.ActiveCfg = Release|Any CPU
		{F4B8C858-C30C-492E-9639-1A92AC6323FD}.Release|Any CPU.Build.0 = Release|Any CPU
	EndGlobalSection
	GlobalSection(SolutionProperties) = preSolution
		HideSolutionNode = FALSE
	EndGlobalSection
	GlobalSection(ExtensibilityGlobals) = postSolution
		SolutionGuid = {F01F9521-32F4-4023-B373-E86DDB9AF50E}
	EndGlobalSection
EndGlobal
